// !$*UTF8*$!
{
	archiveVersion = 1;
	classes = {
	};
	objectVersion = 55;
	objects = {

/* Begin PBXBuildFile section */
		8419F9F427BD82DE001884A4 /* FramesBC.swift in Sources */ = {isa = PBXBuildFile; fileRef = 8419F9F327BD82DE001884A4 /* FramesBC.swift */; };
		8419F9F627BE022A001884A4 /* BackgroundAndOverlayBC.swift in Sources */ = {isa = PBXBuildFile; fileRef = 8419F9F527BE022A001884A4 /* BackgroundAndOverlayBC.swift */; };
		8439319327BD35C70075FFCF /* ImagesBC.swift in Sources */ = {isa = PBXBuildFile; fileRef = 8439319227BD35C70075FFCF /* ImagesBC.swift */; };
		847D19F527BE46B4006CB283 /* StacksBC.swift in Sources */ = {isa = PBXBuildFile; fileRef = 847D19F427BE46B4006CB283 /* StacksBC.swift */; };
		847D19F727BE577B006CB283 /* PaddingAndSpacerBC.swift in Sources */ = {isa = PBXBuildFile; fileRef = 847D19F627BE577B006CB283 /* PaddingAndSpacerBC.swift */; };
		847D19F927BE5EC5006CB283 /* SpacerBC.swift in Sources */ = {isa = PBXBuildFile; fileRef = 847D19F827BE5EC5006CB283 /* SpacerBC.swift */; };
		847D19FB27BE9E21006CB283 /* InitializerBC.swift in Sources */ = {isa = PBXBuildFile; fileRef = 847D19FA27BE9E21006CB283 /* InitializerBC.swift */; };
		8484DEEF27BD20F6009E318C /* IconsBC.swift in Sources */ = {isa = PBXBuildFile; fileRef = 8484DEEE27BD20F6009E318C /* IconsBC.swift */; };
		848A5AA627C22B8C0030359C /* ExtractSubviewsBC.swift in Sources */ = {isa = PBXBuildFile; fileRef = 848A5AA527C22B8C0030359C /* ExtractSubviewsBC.swift */; };
		848A5AA827C24BBF0030359C /* BindingBC.swift in Sources */ = {isa = PBXBuildFile; fileRef = 848A5AA727C24BBF0030359C /* BindingBC.swift */; };
		848A5AAA27C253660030359C /* ConditionalBC.swift in Sources */ = {isa = PBXBuildFile; fileRef = 848A5AA927C253660030359C /* ConditionalBC.swift */; };
		848AD16B27BD0ECB00E4FC6D /* GradientsBC.swift in Sources */ = {isa = PBXBuildFile; fileRef = 848AD16A27BD0ECB00E4FC6D /* GradientsBC.swift */; };
		849027BB27BFA6CF00F83213 /* ForEachBC.swift in Sources */ = {isa = PBXBuildFile; fileRef = 849027BA27BFA6CF00F83213 /* ForEachBC.swift */; };
		849027BD27BFACA700F83213 /* ScrollViewBC.swift in Sources */ = {isa = PBXBuildFile; fileRef = 849027BC27BFACA700F83213 /* ScrollViewBC.swift */; };
		849027BF27BFBE4D00F83213 /* LazyGridsBC.swift in Sources */ = {isa = PBXBuildFile; fileRef = 849027BE27BFBE4D00F83213 /* LazyGridsBC.swift */; };
		849027C127C0153A00F83213 /* SafeAreaBC.swift in Sources */ = {isa = PBXBuildFile; fileRef = 849027C027C0153A00F83213 /* SafeAreaBC.swift */; };
		849027C327C02A8B00F83213 /* ButtonsBC.swift in Sources */ = {isa = PBXBuildFile; fileRef = 849027C227C02A8B00F83213 /* ButtonsBC.swift */; };
		8493540527C10EB4008EF33B /* StateBC.swift in Sources */ = {isa = PBXBuildFile; fileRef = 8493540427C10EB4008EF33B /* StateBC.swift */; };
		8493540727C12173008EF33B /* ExtractedFuctionsBC.swift in Sources */ = {isa = PBXBuildFile; fileRef = 8493540627C12173008EF33B /* ExtractedFuctionsBC.swift */; };
		849D588827BBBE2300EABA52 /* SwiftUITuttorials2022App.swift in Sources */ = {isa = PBXBuildFile; fileRef = 849D588727BBBE2300EABA52 /* SwiftUITuttorials2022App.swift */; };
		849D588A27BBBE2300EABA52 /* ContentView.swift in Sources */ = {isa = PBXBuildFile; fileRef = 849D588927BBBE2300EABA52 /* ContentView.swift */; };
		849D588C27BBBE2400EABA52 /* Assets.xcassets in Resources */ = {isa = PBXBuildFile; fileRef = 849D588B27BBBE2400EABA52 /* Assets.xcassets */; };
		849D588F27BBBE2400EABA52 /* Preview Assets.xcassets in Resources */ = {isa = PBXBuildFile; fileRef = 849D588E27BBBE2400EABA52 /* Preview Assets.xcassets */; };
		849D589627BBBE3D00EABA52 /* TextBC.swift in Sources */ = {isa = PBXBuildFile; fileRef = 849D589527BBBE3D00EABA52 /* TextBC.swift */; };
		849D589827BBC57600EABA52 /* ShapesBC.swift in Sources */ = {isa = PBXBuildFile; fileRef = 849D589727BBC57600EABA52 /* ShapesBC.swift */; };
		849D589A27BBD94C00EABA52 /* ColorsBC.swift in Sources */ = {isa = PBXBuildFile; fileRef = 849D589927BBD94C00EABA52 /* ColorsBC.swift */; };
/* End PBXBuildFile section */

/* Begin PBXFileReference section */
		8419F9F327BD82DE001884A4 /* FramesBC.swift */ = {isa = PBXFileReference; lastKnownFileType = sourcecode.swift; path = FramesBC.swift; sourceTree = "<group>"; };
		8419F9F527BE022A001884A4 /* BackgroundAndOverlayBC.swift */ = {isa = PBXFileReference; lastKnownFileType = sourcecode.swift; path = BackgroundAndOverlayBC.swift; sourceTree = "<group>"; };
		8439319227BD35C70075FFCF /* ImagesBC.swift */ = {isa = PBXFileReference; lastKnownFileType = sourcecode.swift; path = ImagesBC.swift; sourceTree = "<group>"; };
		847D19F427BE46B4006CB283 /* StacksBC.swift */ = {isa = PBXFileReference; lastKnownFileType = sourcecode.swift; path = StacksBC.swift; sourceTree = "<group>"; };
		847D19F627BE577B006CB283 /* PaddingAndSpacerBC.swift */ = {isa = PBXFileReference; lastKnownFileType = sourcecode.swift; path = PaddingAndSpacerBC.swift; sourceTree = "<group>"; };
		847D19F827BE5EC5006CB283 /* SpacerBC.swift */ = {isa = PBXFileReference; lastKnownFileType = sourcecode.swift; path = SpacerBC.swift; sourceTree = "<group>"; };
		847D19FA27BE9E21006CB283 /* InitializerBC.swift */ = {isa = PBXFileReference; lastKnownFileType = sourcecode.swift; path = InitializerBC.swift; sourceTree = "<group>"; };
		8484DEEE27BD20F6009E318C /* IconsBC.swift */ = {isa = PBXFileReference; lastKnownFileType = sourcecode.swift; path = IconsBC.swift; sourceTree = "<group>"; };
		848A5AA527C22B8C0030359C /* ExtractSubviewsBC.swift */ = {isa = PBXFileReference; lastKnownFileType = sourcecode.swift; path = ExtractSubviewsBC.swift; sourceTree = "<group>"; };
		848A5AA727C24BBF0030359C /* BindingBC.swift */ = {isa = PBXFileReference; lastKnownFileType = sourcecode.swift; path = BindingBC.swift; sourceTree = "<group>"; };
		848A5AA927C253660030359C /* ConditionalBC.swift */ = {isa = PBXFileReference; lastKnownFileType = sourcecode.swift; path = ConditionalBC.swift; sourceTree = "<group>"; };
		848AD16A27BD0ECB00E4FC6D /* GradientsBC.swift */ = {isa = PBXFileReference; lastKnownFileType = sourcecode.swift; path = GradientsBC.swift; sourceTree = "<group>"; };
		849027BA27BFA6CF00F83213 /* ForEachBC.swift */ = {isa = PBXFileReference; lastKnownFileType = sourcecode.swift; path = ForEachBC.swift; sourceTree = "<group>"; };
		849027BC27BFACA700F83213 /* ScrollViewBC.swift */ = {isa = PBXFileReference; lastKnownFileType = sourcecode.swift; path = ScrollViewBC.swift; sourceTree = "<group>"; };
		849027BE27BFBE4D00F83213 /* LazyGridsBC.swift */ = {isa = PBXFileReference; lastKnownFileType = sourcecode.swift; path = LazyGridsBC.swift; sourceTree = "<group>"; };
		849027C027C0153A00F83213 /* SafeAreaBC.swift */ = {isa = PBXFileReference; lastKnownFileType = sourcecode.swift; path = SafeAreaBC.swift; sourceTree = "<group>"; };
		849027C227C02A8B00F83213 /* ButtonsBC.swift */ = {isa = PBXFileReference; lastKnownFileType = sourcecode.swift; path = ButtonsBC.swift; sourceTree = "<group>"; };
		8493540427C10EB4008EF33B /* StateBC.swift */ = {isa = PBXFileReference; lastKnownFileType = sourcecode.swift; path = StateBC.swift; sourceTree = "<group>"; };
		8493540627C12173008EF33B /* ExtractedFuctionsBC.swift */ = {isa = PBXFileReference; lastKnownFileType = sourcecode.swift; path = ExtractedFuctionsBC.swift; sourceTree = "<group>"; };
		849D588427BBBE2300EABA52 /* SwiftUITuttorials2022.app */ = {isa = PBXFileReference; explicitFileType = wrapper.application; includeInIndex = 0; path = SwiftUITuttorials2022.app; sourceTree = BUILT_PRODUCTS_DIR; };
		849D588727BBBE2300EABA52 /* SwiftUITuttorials2022App.swift */ = {isa = PBXFileReference; lastKnownFileType = sourcecode.swift; path = SwiftUITuttorials2022App.swift; sourceTree = "<group>"; };
		849D588927BBBE2300EABA52 /* ContentView.swift */ = {isa = PBXFileReference; lastKnownFileType = sourcecode.swift; path = ContentView.swift; sourceTree = "<group>"; };
		849D588B27BBBE2400EABA52 /* Assets.xcassets */ = {isa = PBXFileReference; lastKnownFileType = folder.assetcatalog; path = Assets.xcassets; sourceTree = "<group>"; };
		849D588E27BBBE2400EABA52 /* Preview Assets.xcassets */ = {isa = PBXFileReference; lastKnownFileType = folder.assetcatalog; path = "Preview Assets.xcassets"; sourceTree = "<group>"; };
		849D589527BBBE3D00EABA52 /* TextBC.swift */ = {isa = PBXFileReference; lastKnownFileType = sourcecode.swift; path = TextBC.swift; sourceTree = "<group>"; };
		849D589727BBC57600EABA52 /* ShapesBC.swift */ = {isa = PBXFileReference; lastKnownFileType = sourcecode.swift; path = ShapesBC.swift; sourceTree = "<group>"; };
		849D589927BBD94C00EABA52 /* ColorsBC.swift */ = {isa = PBXFileReference; lastKnownFileType = sourcecode.swift; path = ColorsBC.swift; sourceTree = "<group>"; };
/* End PBXFileReference section */

/* Begin PBXFrameworksBuildPhase section */
		849D588127BBBE2300EABA52 /* Frameworks */ = {
			isa = PBXFrameworksBuildPhase;
			buildActionMask = 2147483647;
			files = (
			);
			runOnlyForDeploymentPostprocessing = 0;
		};
/* End PBXFrameworksBuildPhase section */

/* Begin PBXGroup section */
		849D587B27BBBE2200EABA52 = {
			isa = PBXGroup;
			children = (
				849D588627BBBE2300EABA52 /* SwiftUITuttorials2022 */,
				849D588527BBBE2300EABA52 /* Products */,
			);
			sourceTree = "<group>";
		};
		849D588527BBBE2300EABA52 /* Products */ = {
			isa = PBXGroup;
			children = (
				849D588427BBBE2300EABA52 /* SwiftUITuttorials2022.app */,
			);
			name = Products;
			sourceTree = "<group>";
		};
		849D588627BBBE2300EABA52 /* SwiftUITuttorials2022 */ = {
			isa = PBXGroup;
			children = (
				849D588727BBBE2300EABA52 /* SwiftUITuttorials2022App.swift */,
				849D588927BBBE2300EABA52 /* ContentView.swift */,
				849D589527BBBE3D00EABA52 /* TextBC.swift */,
				849D589727BBC57600EABA52 /* ShapesBC.swift */,
				849D589927BBD94C00EABA52 /* ColorsBC.swift */,
				848AD16A27BD0ECB00E4FC6D /* GradientsBC.swift */,
				8484DEEE27BD20F6009E318C /* IconsBC.swift */,
				8439319227BD35C70075FFCF /* ImagesBC.swift */,
				8419F9F327BD82DE001884A4 /* FramesBC.swift */,
				8419F9F527BE022A001884A4 /* BackgroundAndOverlayBC.swift */,
				847D19F427BE46B4006CB283 /* StacksBC.swift */,
				847D19F627BE577B006CB283 /* PaddingAndSpacerBC.swift */,
				847D19F827BE5EC5006CB283 /* SpacerBC.swift */,
				847D19FA27BE9E21006CB283 /* InitializerBC.swift */,
				849027BA27BFA6CF00F83213 /* ForEachBC.swift */,
				849027BC27BFACA700F83213 /* ScrollViewBC.swift */,
				849027BE27BFBE4D00F83213 /* LazyGridsBC.swift */,
				849027C027C0153A00F83213 /* SafeAreaBC.swift */,
				849027C227C02A8B00F83213 /* ButtonsBC.swift */,
				8493540427C10EB4008EF33B /* StateBC.swift */,
				8493540627C12173008EF33B /* ExtractedFuctionsBC.swift */,
				848A5AA527C22B8C0030359C /* ExtractSubviewsBC.swift */,
				848A5AA727C24BBF0030359C /* BindingBC.swift */,
				848A5AA927C253660030359C /* ConditionalBC.swift */,
				849D588B27BBBE2400EABA52 /* Assets.xcassets */,
				849D588D27BBBE2400EABA52 /* Preview Content */,
			);
			path = SwiftUITuttorials2022;
			sourceTree = "<group>";
		};
		849D588D27BBBE2400EABA52 /* Preview Content */ = {
			isa = PBXGroup;
			children = (
				849D588E27BBBE2400EABA52 /* Preview Assets.xcassets */,
			);
			path = "Preview Content";
			sourceTree = "<group>";
		};
/* End PBXGroup section */

/* Begin PBXNativeTarget section */
		849D588327BBBE2300EABA52 /* SwiftUITuttorials2022 */ = {
			isa = PBXNativeTarget;
			buildConfigurationList = 849D589227BBBE2400EABA52 /* Build configuration list for PBXNativeTarget "SwiftUITuttorials2022" */;
			buildPhases = (
				849D588027BBBE2300EABA52 /* Sources */,
				849D588127BBBE2300EABA52 /* Frameworks */,
				849D588227BBBE2300EABA52 /* Resources */,
			);
			buildRules = (
			);
			dependencies = (
			);
			name = SwiftUITuttorials2022;
			productName = SwiftUITuttorials2022;
			productReference = 849D588427BBBE2300EABA52 /* SwiftUITuttorials2022.app */;
			productType = "com.apple.product-type.application";
		};
/* End PBXNativeTarget section */

/* Begin PBXProject section */
		849D587C27BBBE2200EABA52 /* Project object */ = {
			isa = PBXProject;
			attributes = {
				BuildIndependentTargetsInParallel = 1;
				LastSwiftUpdateCheck = 1320;
				LastUpgradeCheck = 1320;
				TargetAttributes = {
					849D588327BBBE2300EABA52 = {
						CreatedOnToolsVersion = 13.2.1;
					};
				};
			};
			buildConfigurationList = 849D587F27BBBE2200EABA52 /* Build configuration list for PBXProject "SwiftUITuttorials2022" */;
			compatibilityVersion = "Xcode 13.0";
			developmentRegion = en;
			hasScannedForEncodings = 0;
			knownRegions = (
				en,
				Base,
			);
			mainGroup = 849D587B27BBBE2200EABA52;
			productRefGroup = 849D588527BBBE2300EABA52 /* Products */;
			projectDirPath = "";
			projectRoot = "";
			targets = (
				849D588327BBBE2300EABA52 /* SwiftUITuttorials2022 */,
			);
		};
/* End PBXProject section */

/* Begin PBXResourcesBuildPhase section */
		849D588227BBBE2300EABA52 /* Resources */ = {
			isa = PBXResourcesBuildPhase;
			buildActionMask = 2147483647;
			files = (
				849D588F27BBBE2400EABA52 /* Preview Assets.xcassets in Resources */,
				849D588C27BBBE2400EABA52 /* Assets.xcassets in Resources */,
			);
			runOnlyForDeploymentPostprocessing = 0;
		};
/* End PBXResourcesBuildPhase section */

/* Begin PBXSourcesBuildPhase section */
		849D588027BBBE2300EABA52 /* Sources */ = {
			isa = PBXSourcesBuildPhase;
			buildActionMask = 2147483647;
			files = (
				847D19F727BE577B006CB283 /* PaddingAndSpacerBC.swift in Sources */,
				8484DEEF27BD20F6009E318C /* IconsBC.swift in Sources */,
				8493540527C10EB4008EF33B /* StateBC.swift in Sources */,
				849027C127C0153A00F83213 /* SafeAreaBC.swift in Sources */,
				8439319327BD35C70075FFCF /* ImagesBC.swift in Sources */,
				849D588A27BBBE2300EABA52 /* ContentView.swift in Sources */,
				849D589A27BBD94C00EABA52 /* ColorsBC.swift in Sources */,
				8419F9F627BE022A001884A4 /* BackgroundAndOverlayBC.swift in Sources */,
				848A5AA627C22B8C0030359C /* ExtractSubviewsBC.swift in Sources */,
				848A5AA827C24BBF0030359C /* BindingBC.swift in Sources */,
				849027BB27BFA6CF00F83213 /* ForEachBC.swift in Sources */,
				849D588827BBBE2300EABA52 /* SwiftUITuttorials2022App.swift in Sources */,
				849027BF27BFBE4D00F83213 /* LazyGridsBC.swift in Sources */,
				8419F9F427BD82DE001884A4 /* FramesBC.swift in Sources */,
				847D19F927BE5EC5006CB283 /* SpacerBC.swift in Sources */,
				848A5AAA27C253660030359C /* ConditionalBC.swift in Sources */,
				8493540727C12173008EF33B /* ExtractedFuctionsBC.swift in Sources */,
				847D19FB27BE9E21006CB283 /* InitializerBC.swift in Sources */,
				847D19F527BE46B4006CB283 /* StacksBC.swift in Sources */,
				849027BD27BFACA700F83213 /* ScrollViewBC.swift in Sources */,
				849D589627BBBE3D00EABA52 /* TextBC.swift in Sources */,
				849D589827BBC57600EABA52 /* ShapesBC.swift in Sources */,
				849027C327C02A8B00F83213 /* ButtonsBC.swift in Sources */,
				848AD16B27BD0ECB00E4FC6D /* GradientsBC.swift in Sources */,
			);
			runOnlyForDeploymentPostprocessing = 0;
		};
/* End PBXSourcesBuildPhase section */

/* Begin XCBuildConfiguration section */
		849D589027BBBE2400EABA52 /* Debug */ = {
			isa = XCBuildConfiguration;
			buildSettings = {
				ALWAYS_SEARCH_USER_PATHS = NO;
				CLANG_ANALYZER_NONNULL = YES;
				CLANG_ANALYZER_NUMBER_OBJECT_CONVERSION = YES_AGGRESSIVE;
				CLANG_CXX_LANGUAGE_STANDARD = "gnu++17";
				CLANG_CXX_LIBRARY = "libc++";
				CLANG_ENABLE_MODULES = YES;
				CLANG_ENABLE_OBJC_ARC = YES;
				CLANG_ENABLE_OBJC_WEAK = YES;
				CLANG_WARN_BLOCK_CAPTURE_AUTORELEASING = YES;
				CLANG_WARN_BOOL_CONVERSION = YES;
				CLANG_WARN_COMMA = YES;
				CLANG_WARN_CONSTANT_CONVERSION = YES;
				CLANG_WARN_DEPRECATED_OBJC_IMPLEMENTATIONS = YES;
				CLANG_WARN_DIRECT_OBJC_ISA_USAGE = YES_ERROR;
				CLANG_WARN_DOCUMENTATION_COMMENTS = YES;
				CLANG_WARN_EMPTY_BODY = YES;
				CLANG_WARN_ENUM_CONVERSION = YES;
				CLANG_WARN_INFINITE_RECURSION = YES;
				CLANG_WARN_INT_CONVERSION = YES;
				CLANG_WARN_NON_LITERAL_NULL_CONVERSION = YES;
				CLANG_WARN_OBJC_IMPLICIT_RETAIN_SELF = YES;
				CLANG_WARN_OBJC_LITERAL_CONVERSION = YES;
				CLANG_WARN_OBJC_ROOT_CLASS = YES_ERROR;
				CLANG_WARN_QUOTED_INCLUDE_IN_FRAMEWORK_HEADER = YES;
				CLANG_WARN_RANGE_LOOP_ANALYSIS = YES;
				CLANG_WARN_STRICT_PROTOTYPES = YES;
				CLANG_WARN_SUSPICIOUS_MOVE = YES;
				CLANG_WARN_UNGUARDED_AVAILABILITY = YES_AGGRESSIVE;
				CLANG_WARN_UNREACHABLE_CODE = YES;
				CLANG_WARN__DUPLICATE_METHOD_MATCH = YES;
				COPY_PHASE_STRIP = NO;
				DEBUG_INFORMATION_FORMAT = dwarf;
				ENABLE_STRICT_OBJC_MSGSEND = YES;
				ENABLE_TESTABILITY = YES;
				GCC_C_LANGUAGE_STANDARD = gnu11;
				GCC_DYNAMIC_NO_PIC = NO;
				GCC_NO_COMMON_BLOCKS = YES;
				GCC_OPTIMIZATION_LEVEL = 0;
				GCC_PREPROCESSOR_DEFINITIONS = (
					"DEBUG=1",
					"$(inherited)",
				);
				GCC_WARN_64_TO_32_BIT_CONVERSION = YES;
				GCC_WARN_ABOUT_RETURN_TYPE = YES_ERROR;
				GCC_WARN_UNDECLARED_SELECTOR = YES;
				GCC_WARN_UNINITIALIZED_AUTOS = YES_AGGRESSIVE;
				GCC_WARN_UNUSED_FUNCTION = YES;
				GCC_WARN_UNUSED_VARIABLE = YES;
				IPHONEOS_DEPLOYMENT_TARGET = 15.2;
				MTL_ENABLE_DEBUG_INFO = INCLUDE_SOURCE;
				MTL_FAST_MATH = YES;
				ONLY_ACTIVE_ARCH = YES;
				SDKROOT = iphoneos;
				SWIFT_ACTIVE_COMPILATION_CONDITIONS = DEBUG;
				SWIFT_OPTIMIZATION_LEVEL = "-Onone";
			};
			name = Debug;
		};
		849D589127BBBE2400EABA52 /* Release */ = {
			isa = XCBuildConfiguration;
			buildSettings = {
				ALWAYS_SEARCH_USER_PATHS = NO;
				CLANG_ANALYZER_NONNULL = YES;
				CLANG_ANALYZER_NUMBER_OBJECT_CONVERSION = YES_AGGRESSIVE;
				CLANG_CXX_LANGUAGE_STANDARD = "gnu++17";
				CLANG_CXX_LIBRARY = "libc++";
				CLANG_ENABLE_MODULES = YES;
				CLANG_ENABLE_OBJC_ARC = YES;
				CLANG_ENABLE_OBJC_WEAK = YES;
				CLANG_WARN_BLOCK_CAPTURE_AUTORELEASING = YES;
				CLANG_WARN_BOOL_CONVERSION = YES;
				CLANG_WARN_COMMA = YES;
				CLANG_WARN_CONSTANT_CONVERSION = YES;
				CLANG_WARN_DEPRECATED_OBJC_IMPLEMENTATIONS = YES;
				CLANG_WARN_DIRECT_OBJC_ISA_USAGE = YES_ERROR;
				CLANG_WARN_DOCUMENTATION_COMMENTS = YES;
				CLANG_WARN_EMPTY_BODY = YES;
				CLANG_WARN_ENUM_CONVERSION = YES;
				CLANG_WARN_INFINITE_RECURSION = YES;
				CLANG_WARN_INT_CONVERSION = YES;
				CLANG_WARN_NON_LITERAL_NULL_CONVERSION = YES;
				CLANG_WARN_OBJC_IMPLICIT_RETAIN_SELF = YES;
				CLANG_WARN_OBJC_LITERAL_CONVERSION = YES;
				CLANG_WARN_OBJC_ROOT_CLASS = YES_ERROR;
				CLANG_WARN_QUOTED_INCLUDE_IN_FRAMEWORK_HEADER = YES;
				CLANG_WARN_RANGE_LOOP_ANALYSIS = YES;
				CLANG_WARN_STRICT_PROTOTYPES = YES;
				CLANG_WARN_SUSPICIOUS_MOVE = YES;
				CLANG_WARN_UNGUARDED_AVAILABILITY = YES_AGGRESSIVE;
				CLANG_WARN_UNREACHABLE_CODE = YES;
				CLANG_WARN__DUPLICATE_METHOD_MATCH = YES;
				COPY_PHASE_STRIP = NO;
				DEBUG_INFORMATION_FORMAT = "dwarf-with-dsym";
				ENABLE_NS_ASSERTIONS = NO;
				ENABLE_STRICT_OBJC_MSGSEND = YES;
				GCC_C_LANGUAGE_STANDARD = gnu11;
				GCC_NO_COMMON_BLOCKS = YES;
				GCC_WARN_64_TO_32_BIT_CONVERSION = YES;
				GCC_WARN_ABOUT_RETURN_TYPE = YES_ERROR;
				GCC_WARN_UNDECLARED_SELECTOR = YES;
				GCC_WARN_UNINITIALIZED_AUTOS = YES_AGGRESSIVE;
				GCC_WARN_UNUSED_FUNCTION = YES;
				GCC_WARN_UNUSED_VARIABLE = YES;
				IPHONEOS_DEPLOYMENT_TARGET = 15.2;
				MTL_ENABLE_DEBUG_INFO = NO;
				MTL_FAST_MATH = YES;
				SDKROOT = iphoneos;
				SWIFT_COMPILATION_MODE = wholemodule;
				SWIFT_OPTIMIZATION_LEVEL = "-O";
				VALIDATE_PRODUCT = YES;
			};
			name = Release;
		};
		849D589327BBBE2400EABA52 /* Debug */ = {
			isa = XCBuildConfiguration;
			buildSettings = {
				ASSETCATALOG_COMPILER_APPICON_NAME = AppIcon;
				ASSETCATALOG_COMPILER_GLOBAL_ACCENT_COLOR_NAME = AccentColor;
				CODE_SIGN_STYLE = Automatic;
				CURRENT_PROJECT_VERSION = 1;
				DEVELOPMENT_ASSET_PATHS = "\"SwiftUITuttorials2022/Preview Content\"";
				DEVELOPMENT_TEAM = 283WP266CX;
				ENABLE_PREVIEWS = YES;
				GENERATE_INFOPLIST_FILE = YES;
				INFOPLIST_KEY_UIApplicationSceneManifest_Generation = YES;
				INFOPLIST_KEY_UIApplicationSupportsIndirectInputEvents = YES;
				INFOPLIST_KEY_UILaunchScreen_Generation = YES;
				INFOPLIST_KEY_UISupportedInterfaceOrientations_iPad = "UIInterfaceOrientationPortrait UIInterfaceOrientationPortraitUpsideDown UIInterfaceOrientationLandscapeLeft UIInterfaceOrientationLandscapeRight";
				INFOPLIST_KEY_UISupportedInterfaceOrientations_iPhone = "UIInterfaceOrientationPortrait UIInterfaceOrientationLandscapeLeft UIInterfaceOrientationLandscapeRight";
				LD_RUNPATH_SEARCH_PATHS = (
					"$(inherited)",
					"@executable_path/Frameworks",
				);
				MARKETING_VERSION = 1.0;
				PRODUCT_BUNDLE_IDENTIFIER = home.co.obolon.org.SwiftUITuttorials2022;
				PRODUCT_NAME = "$(TARGET_NAME)";
				SWIFT_EMIT_LOC_STRINGS = YES;
				SWIFT_VERSION = 5.0;
				TARGETED_DEVICE_FAMILY = "1,2";
			};
			name = Debug;
		};
		849D589427BBBE2400EABA52 /* Release */ = {
			isa = XCBuildConfiguration;
			buildSettings = {
				ASSETCATALOG_COMPILER_APPICON_NAME = AppIcon;
				ASSETCATALOG_COMPILER_GLOBAL_ACCENT_COLOR_NAME = AccentColor;
				CODE_SIGN_STYLE = Automatic;
				CURRENT_PROJECT_VERSION = 1;
				DEVELOPMENT_ASSET_PATHS = "\"SwiftUITuttorials2022/Preview Content\"";
				DEVELOPMENT_TEAM = 283WP266CX;
				ENABLE_PREVIEWS = YES;
				GENERATE_INFOPLIST_FILE = YES;
				INFOPLIST_KEY_UIApplicationSceneManifest_Generation = YES;
				INFOPLIST_KEY_UIApplicationSupportsIndirectInputEvents = YES;
				INFOPLIST_KEY_UILaunchScreen_Generation = YES;
				INFOPLIST_KEY_UISupportedInterfaceOrientations_iPad = "UIInterfaceOrientationPortrait UIInterfaceOrientationPortraitUpsideDown UIInterfaceOrientationLandscapeLeft UIInterfaceOrientationLandscapeRight";
				INFOPLIST_KEY_UISupportedInterfaceOrientations_iPhone = "UIInterfaceOrientationPortrait UIInterfaceOrientationLandscapeLeft UIInterfaceOrientationLandscapeRight";
				LD_RUNPATH_SEARCH_PATHS = (
					"$(inherited)",
					"@executable_path/Frameworks",
				);
				MARKETING_VERSION = 1.0;
				PRODUCT_BUNDLE_IDENTIFIER = home.co.obolon.org.SwiftUITuttorials2022;
				PRODUCT_NAME = "$(TARGET_NAME)";
				SWIFT_EMIT_LOC_STRINGS = YES;
				SWIFT_VERSION = 5.0;
				TARGETED_DEVICE_FAMILY = "1,2";
			};
			name = Release;
		};
/* End XCBuildConfiguration section */

/* Begin XCConfigurationList section */
		849D587F27BBBE2200EABA52 /* Build configuration list for PBXProject "SwiftUITuttorials2022" */ = {
			isa = XCConfigurationList;
			buildConfigurations = (
				849D589027BBBE2400EABA52 /* Debug */,
				849D589127BBBE2400EABA52 /* Release */,
			);
			defaultConfigurationIsVisible = 0;
			defaultConfigurationName = Release;
		};
		849D589227BBBE2400EABA52 /* Build configuration list for PBXNativeTarget "SwiftUITuttorials2022" */ = {
			isa = XCConfigurationList;
			buildConfigurations = (
				849D589327BBBE2400EABA52 /* Debug */,
				849D589427BBBE2400EABA52 /* Release */,
			);
			defaultConfigurationIsVisible = 0;
			defaultConfigurationName = Release;
		};
/* End XCConfigurationList section */
	};
	rootObject = 849D587C27BBBE2200EABA52 /* Project object */;
}
